
Microsoft Visual Studio Solution File, Format Version 12.00
# Visual Studio 2013
Project("{FAE04EC0-301F-11D3-BF4B-00C04F79EFBC}") = "Flappy T.CSharp", "Flappy T.CSharp.csproj", "{37338DBE-376D-E89C-6FF5-0D800ED68E1D}"
EndProject
Project("{FAE04EC0-301F-11D3-BF4B-00C04F79EFBC}") = "Flappy T.CSharp.Editor", "Flappy T.CSharp.Editor.csproj", "{E42066DF-DABB-533B-5E76-639F33F8743E}"
EndProject
Global
	GlobalSection(SolutionConfigurationPlatforms) = preSolution
		Debug|Any CPU = Debug|Any CPU
		Release|Any CPU = Release|Any CPU
	EndGlobalSection
	GlobalSection(ProjectConfigurationPlatforms) = postSolution
		{37338DBE-376D-E89C-6FF5-0D800ED68E1D}.Debug|Any CPU.ActiveCfg = Debug|Any CPU
		{37338DBE-376D-E89C-6FF5-0D800ED68E1D}.Debug|Any CPU.Build.0 = Debug|Any CPU
		{37338DBE-376D-E89C-6FF5-0D800ED68E1D}.Release|Any CPU.ActiveCfg = Release|Any CPU
		{37338DBE-376D-E89C-6FF5-0D800ED68E1D}.Release|Any CPU.Build.0 = Release|Any CPU
		{E42066DF-DABB-533B-5E76-639F33F8743E}.Debug|Any CPU.ActiveCfg = Debug|Any CPU
		{E42066DF-DABB-533B-5E76-639F33F8743E}.Debug|Any CPU.Build.0 = Debug|Any CPU
		{E42066DF-DABB-533B-5E76-639F33F8743E}.Release|Any CPU.ActiveCfg = Release|Any CPU
		{E42066DF-DABB-533B-5E76-639F33F8743E}.Release|Any CPU.Build.0 = Release|Any CPU
	EndGlobalSection
	GlobalSection(SolutionProperties) = preSolution
		HideSolutionNode = FALSE
	EndGlobalSection
EndGlobal
